{
  "name": "fswbarber",
  "lockfileVersion": 2,
  "requires": true,
  "packages": {
    "": {
      "dependencies": {
        "@prisma/client": "^5.8.1"
      },
      "devDependencies": {
        "prisma": "^5.8.1"
      }
    },
    "node_modules/@prisma/client": {
      "version": "5.8.1",
      "resolved": "https://registry.npmjs.org/@prisma/client/-/client-5.8.1.tgz",
      "integrity": "sha512-xQtMPfbIwLlbm0VVIVQY2yqQVOxPwRQhvIp7Z3m2900g1bu/zRHKhYZJQWELqmjl6d8YwBy0K2NvMqh47v1ubw==",
      "hasInstallScript": true,
      "engines": {
        "node": ">=16.13"
      },
      "peerDependencies": {
        "prisma": "*"
      },
      "peerDependenciesMeta": {
        "prisma": {
          "optional": true
        }
      }
    },
    "node_modules/@prisma/debug": {
      "version": "5.8.1",
      "resolved": "https://registry.npmjs.org/@prisma/debug/-/debug-5.8.1.tgz",
      "integrity": "sha512-tjuw7eA0Us3T42jx9AmAgL58rzwzpFGYc3R7Y4Ip75EBYrKMBA1YihuWMcBC92ILmjlQ/u3p8VxcIE0hr+fZfg==",
      "devOptional": true
    },
    "node_modules/@prisma/engines": {
      "version": "5.8.1",
      "resolved": "https://registry.npmjs.org/@prisma/engines/-/engines-5.8.1.tgz",
      "integrity": "sha512-TJgYLRrZr56uhqcXO4GmP5be+zjCIHtLDK20Cnfg+o9d905hsN065QOL+3Z0zQAy6YD31Ol4u2kzSfRmbJv/uA==",
      "devOptional": true,
      "hasInstallScript": true,
      "dependencies": {
        "@prisma/debug": "5.8.1",
        "@prisma/engines-version": "5.8.1-1.78caf6feeaed953168c64e15a249c3e9a033ebe2",
        "@prisma/fetch-engine": "5.8.1",
        "@prisma/get-platform": "5.8.1"
      }
    },
    "node_modules/@prisma/engines-version": {
      "version": "5.8.1-1.78caf6feeaed953168c64e15a249c3e9a033ebe2",
      "resolved": "https://registry.npmjs.org/@prisma/engines-version/-/engines-version-5.8.1-1.78caf6feeaed953168c64e15a249c3e9a033ebe2.tgz",
      "integrity": "sha512-f5C3JM3l9yhGr3cr4FMqWloFaSCpNpMi58Om22rjD2DOz3owci2mFdFXMgnAGazFPKrCbbEhcxdsRfspEYRoFQ==",
      "devOptional": true
    },
    "node_modules/@prisma/fetch-engine": {
      "version": "5.8.1",
      "resolved": "https://registry.npmjs.org/@prisma/fetch-engine/-/fetch-engine-5.8.1.tgz",
      "integrity": "sha512-+bgjjoSFa6uYEbAPlklfoVSStOEfcpheOjoBoNsNNSQdSzcwE2nM4Q0prun0+P8/0sCHo18JZ9xqa8gObvgOUw==",
      "devOptional": true,
      "dependencies": {
        "@prisma/debug": "5.8.1",
        "@prisma/engines-version": "5.8.1-1.78caf6feeaed953168c64e15a249c3e9a033ebe2",
        "@prisma/get-platform": "5.8.1"
      }
    },
    "node_modules/@prisma/get-platform": {
      "version": "5.8.1",
      "resolved": "https://registry.npmjs.org/@prisma/get-platform/-/get-platform-5.8.1.tgz",
      "integrity": "sha512-wnA+6HTFcY+tkykMokix9GiAkaauPC5W/gg0O5JB0J8tCTNWrqpnQ7AsaGRfkYUbeOIioh6woDjQrGTTRf1Zag==",
      "devOptional": true,
      "dependencies": {
        "@prisma/debug": "5.8.1"
      }
    },
    "node_modules/prisma": {
      "version": "5.8.1",
      "resolved": "https://registry.npmjs.org/prisma/-/prisma-5.8.1.tgz",
      "integrity": "sha512-N6CpjzECnUHZ5beeYpDzkt2rYpEdAeqXX2dweu6BoQaeYkNZrC/WJHM+5MO/uidFHTak8QhkPKBWck1o/4MD4A==",
      "devOptional": true,
      "hasInstallScript": true,
      "dependencies": {
        "@prisma/engines": "5.8.1"
      },
      "bin": {
        "prisma": "build/index.js"
      },
      "engines": {
        "node": ">=16.13"
      }
    }
  },
  "dependencies": {
    "@prisma/client": {
      "version": "5.8.1",
      "resolved": "https://registry.npmjs.org/@prisma/client/-/client-5.8.1.tgz",
      "integrity": "sha512-xQtMPfbIwLlbm0VVIVQY2yqQVOxPwRQhvIp7Z3m2900g1bu/zRHKhYZJQWELqmjl6d8YwBy0K2NvMqh47v1ubw==",
      "requires": {}
    },
    "@prisma/debug": {
      "version": "5.8.1",
      "resolved": "https://registry.npmjs.org/@prisma/debug/-/debug-5.8.1.tgz",
      "integrity": "sha512-tjuw7eA0Us3T42jx9AmAgL58rzwzpFGYc3R7Y4Ip75EBYrKMBA1YihuWMcBC92ILmjlQ/u3p8VxcIE0hr+fZfg==",
      "devOptional": true
    },
    "@prisma/engines": {
      "version": "5.8.1",
      "resolved": "https://registry.npmjs.org/@prisma/engines/-/engines-5.8.1.tgz",
      "integrity": "sha512-TJgYLRrZr56uhqcXO4GmP5be+zjCIHtLDK20Cnfg+o9d905hsN065QOL+3Z0zQAy6YD31Ol4u2kzSfRmbJv/uA==",
      "devOptional": true,
      "requires": {
        "@prisma/debug": "5.8.1",
        "@prisma/engines-version": "5.8.1-1.78caf6feeaed953168c64e15a249c3e9a033ebe2",
        "@prisma/fetch-engine": "5.8.1",
        "@prisma/get-platform": "5.8.1"
      }
    },
    "@prisma/engines-version": {
      "version": "5.8.1-1.78caf6feeaed953168c64e15a249c3e9a033ebe2",
      "resolved": "https://registry.npmjs.org/@prisma/engines-version/-/engines-version-5.8.1-1.78caf6feeaed953168c64e15a249c3e9a033ebe2.tgz",
      "integrity": "sha512-f5C3JM3l9yhGr3cr4FMqWloFaSCpNpMi58Om22rjD2DOz3owci2mFdFXMgnAGazFPKrCbbEhcxdsRfspEYRoFQ==",
      "devOptional": true
    },
    "@prisma/fetch-engine": {
      "version": "5.8.1",
      "resolved": "https://registry.npmjs.org/@prisma/fetch-engine/-/fetch-engine-5.8.1.tgz",
      "integrity": "sha512-+bgjjoSFa6uYEbAPlklfoVSStOEfcpheOjoBoNsNNSQdSzcwE2nM4Q0prun0+P8/0sCHo18JZ9xqa8gObvgOUw==",
      "devOptional": true,
      "requires": {
        "@prisma/debug": "5.8.1",
        "@prisma/engines-version": "5.8.1-1.78caf6feeaed953168c64e15a249c3e9a033ebe2",
        "@prisma/get-platform": "5.8.1"
      }
    },
    "@prisma/get-platform": {
      "version": "5.8.1",
      "resolved": "https://registry.npmjs.org/@prisma/get-platform/-/get-platform-5.8.1.tgz",
      "integrity": "sha512-wnA+6HTFcY+tkykMokix9GiAkaauPC5W/gg0O5JB0J8tCTNWrqpnQ7AsaGRfkYUbeOIioh6woDjQrGTTRf1Zag==",
      "devOptional": true,
      "requires": {
        "@prisma/debug": "5.8.1"
      }
    },
    "prisma": {
      "version": "5.8.1",
      "resolved": "https://registry.npmjs.org/prisma/-/prisma-5.8.1.tgz",
      "integrity": "sha512-N6CpjzECnUHZ5beeYpDzkt2rYpEdAeqXX2dweu6BoQaeYkNZrC/WJHM+5MO/uidFHTak8QhkPKBWck1o/4MD4A==",
      "devOptional": true,
      "requires": {
        "@prisma/engines": "5.8.1"
      }
    }
  }
}
